
Microsoft Visual Studio Solution File, Format Version 12.00
# Visual Studio Version 17
VisualStudioVersion = 17.14.36109.1 d17.14
MinimumVisualStudioVersion = 10.0.40219.1
Project("{FAE04EC0-301F-11D3-BF4B-00C04F79EFBC}") = "repasoFinal2", "repasoFinal2.csproj", "{CF41EF1B-B3FC-47B8-8E54-2FA5ABA3AC29}"
EndProject
Global
	GlobalSection(SolutionConfigurationPlatforms) = preSolution
		Debug|Any CPU = Debug|Any CPU
		Release|Any CPU = Release|Any CPU
	EndGlobalSection
	GlobalSection(ProjectConfigurationPlatforms) = postSolution
		{CF41EF1B-B3FC-47B8-8E54-2FA5ABA3AC29}.Debug|Any CPU.ActiveCfg = Debug|Any CPU
		{CF41EF1B-B3FC-47B8-8E54-2FA5ABA3AC29}.Debug|Any CPU.Build.0 = Debug|Any CPU
		{CF41EF1B-B3FC-47B8-8E54-2FA5ABA3AC29}.Release|Any CPU.ActiveCfg = Release|Any CPU
		{CF41EF1B-B3FC-47B8-8E54-2FA5ABA3AC29}.Release|Any CPU.Build.0 = Release|Any CPU
	EndGlobalSection
	GlobalSection(SolutionProperties) = preSolution
		HideSolutionNode = FALSE
	EndGlobalSection
	GlobalSection(ExtensibilityGlobals) = postSolution
		SolutionGuid = {11F24E0C-7CB5-4986-A813-306EAF35FD26}
	EndGlobalSection
EndGlobal
